
Microsoft Visual Studio Solution File, Format Version 12.00
# Visual Studio Version 17
VisualStudioVersion = 17.4.33103.184
MinimumVisualStudioVersion = 10.0.40219.1
Project("{FAE04EC0-301F-11D3-BF4B-00C04F79EFBC}") = "_dotnet_framework", "_dotnet_framework\_dotnet_framework.csproj", "{31309EA6-2722-4B7F-B521-A21A89331AE0}"
EndProject
Global
	GlobalSection(SolutionConfigurationPlatforms) = preSolution
		Debug|Any CPU = Debug|Any CPU
		Release|Any CPU = Release|Any CPU
	EndGlobalSection
	GlobalSection(ProjectConfigurationPlatforms) = postSolution
		{31309EA6-2722-4B7F-B521-A21A89331AE0}.Debug|Any CPU.ActiveCfg = Debug|Any CPU
		{31309EA6-2722-4B7F-B521-A21A89331AE0}.Debug|Any CPU.Build.0 = Debug|Any CPU
		{31309EA6-2722-4B7F-B521-A21A89331AE0}.Release|Any CPU.ActiveCfg = Release|Any CPU
		{31309EA6-2722-4B7F-B521-A21A89331AE0}.Release|Any CPU.Build.0 = Release|Any CPU
	EndGlobalSection
	GlobalSection(SolutionProperties) = preSolution
		HideSolutionNode = FALSE
	EndGlobalSection
	GlobalSection(ExtensibilityGlobals) = postSolution
		SolutionGuid = {4E5D27A8-3368-4BF2-9B8D-CE826C842E38}
	EndGlobalSection
EndGlobal
